
Microsoft Visual Studio Solution File, Format Version 12.00
# Visual Studio Version 16
VisualStudioVersion = 16.0.31205.134
MinimumVisualStudioVersion = 10.0.40219.1
Project("{FAE04EC0-301F-11D3-BF4B-00C04F79EFBC}") = "WebApplication4", "WebApplication4\WebApplication4.csproj", "{A205D323-0FD1-4AF9-A392-22B96CCB537B}"
EndProject
Global
	GlobalSection(SolutionConfigurationPlatforms) = preSolution
		Debug|Any CPU = Debug|Any CPU
		Release|Any CPU = Release|Any CPU
	EndGlobalSection
	GlobalSection(ProjectConfigurationPlatforms) = postSolution
		{A205D323-0FD1-4AF9-A392-22B96CCB537B}.Debug|Any CPU.ActiveCfg = Debug|Any CPU
		{A205D323-0FD1-4AF9-A392-22B96CCB537B}.Debug|Any CPU.Build.0 = Debug|Any CPU
		{A205D323-0FD1-4AF9-A392-22B96CCB537B}.Release|Any CPU.ActiveCfg = Release|Any CPU
		{A205D323-0FD1-4AF9-A392-22B96CCB537B}.Release|Any CPU.Build.0 = Release|Any CPU
	EndGlobalSection
	GlobalSection(SolutionProperties) = preSolution
		HideSolutionNode = FALSE
	EndGlobalSection
	GlobalSection(ExtensibilityGlobals) = postSolution
		SolutionGuid = {DDEF0122-A4D9-4F97-9D73-76091DD21E05}
	EndGlobalSection
EndGlobal
